{
  "name": "com.cufflink.ms",
  "version": "1.0.0",
  "lockfileVersion": 1,
  "dependencies": {
    "cordova-android": {
      "version": "6.2.0",
      "resolved": "https://registry.npmjs.org/cordova-android/-/cordova-android-6.2.0.tgz",
      "integrity": "sha1-32iB29cuIzA8o9/e03KrAWFMAXM=",
      "dependencies": {
        "abbrev": {
          "version": "1.1.0",
          "bundled": true
        },
        "ansi": {
          "version": "0.3.1",
          "bundled": true
        },
        "balanced-match": {
          "version": "0.4.2",
          "bundled": true
        },
        "base64-js": {
          "version": "0.0.8",
          "bundled": true
        },
        "big-integer": {
          "version": "1.6.17",
          "bundled": true
        },
        "bplist-parser": {
          "version": "0.1.1",
          "bundled": true
        },
        "brace-expansion": {
          "version": "1.1.6",
          "bundled": true
        },
        "concat-map": {
          "version": "0.0.1",
          "bundled": true
        },
        "cordova-common": {
          "version": "2.0.1",
          "bundled": true
        },
        "cordova-registry-mapper": {
          "version": "1.1.15",
          "bundled": true
        },
        "elementtree": {
          "version": "0.1.7",
          "bundled": true
        },
        "glob": {
          "version": "5.0.15",
          "bundled": true
        },
        "inflight": {
          "version": "1.0.6",
          "bundled": true
        },
        "inherits": {
          "version": "2.0.3",
          "bundled": true
        },
        "lodash": {
          "version": "3.10.1",
          "bundled": true
        },
        "minimatch": {
          "version": "3.0.3",
          "bundled": true
        },
        "nopt": {
          "version": "3.0.6",
          "bundled": true
        },
        "once": {
          "version": "1.4.0",
          "bundled": true
        },
        "os-homedir": {
          "version": "1.0.2",
          "bundled": true
        },
        "os-tmpdir": {
          "version": "1.0.2",
          "bundled": true
        },
        "osenv": {
          "version": "0.1.4",
          "bundled": true
        },
        "path-is-absolute": {
          "version": "1.0.1",
          "bundled": true
        },
        "plist": {
          "version": "1.2.0",
          "bundled": true
        },
        "properties-parser": {
          "version": "0.2.3",
          "bundled": true
        },
        "q": {
          "version": "1.5.0",
          "bundled": true
        },
        "sax": {
          "version": "1.1.4",
          "bundled": true
        },
        "semver": {
          "version": "5.3.0",
          "bundled": true
        },
        "shelljs": {
          "version": "0.5.3",
          "bundled": true
        },
        "underscore": {
          "version": "1.8.3",
          "bundled": true
        },
        "unorm": {
          "version": "1.4.1",
          "bundled": true
        },
        "util-deprecate": {
          "version": "1.0.2",
          "bundled": true
        },
        "wrappy": {
          "version": "1.0.2",
          "bundled": true
        },
        "xmlbuilder": {
          "version": "4.0.0",
          "bundled": true
        },
        "xmldom": {
          "version": "0.1.27",
          "bundled": true
        }
      }
    },
    "cordova-plugin-camera": {
      "version": "2.4.1",
      "resolved": "https://registry.npmjs.org/cordova-plugin-camera/-/cordova-plugin-camera-2.4.1.tgz",
      "integrity": "sha1-GV404S22TxxJ52T31OPyYao9lME="
    },
    "cordova-plugin-compat": {
      "version": "1.1.0",
      "resolved": "https://registry.npmjs.org/cordova-plugin-compat/-/cordova-plugin-compat-1.1.0.tgz",
      "integrity": "sha1-kr3xaf62EgUyPcyWo/+DSON+h/w="
    },
    "cordova-plugin-email-composer": {
      "version": "0.8.6",
      "resolved": "https://registry.npmjs.org/cordova-plugin-email-composer/-/cordova-plugin-email-composer-0.8.6.tgz",
      "integrity": "sha1-FsFRG6i3MX5lU0hL+agHSptxDhM="
    },
    "cordova-plugin-file": {
      "version": "4.0.0",
      "resolved": "https://registry.npmjs.org/cordova-plugin-file/-/cordova-plugin-file-4.0.0.tgz",
      "integrity": "sha1-qfsxGz1T+DQcvjCAq1xLi3t5czY="
    },
    "cordova-plugin-file-transfer": {
      "version": "1.6.3",
      "resolved": "https://registry.npmjs.org/cordova-plugin-file-transfer/-/cordova-plugin-file-transfer-1.6.3.tgz",
      "integrity": "sha1-bHHeY7B2y+xXDspmRYb/mlG4rCE="
    },
    "cordova-plugin-inappbrowser": {
      "version": "1.7.1",
      "resolved": "https://registry.npmjs.org/cordova-plugin-inappbrowser/-/cordova-plugin-inappbrowser-1.7.1.tgz",
      "integrity": "sha1-Q1tD9ZH+e/qV6pjb4ABIQf5ZulE="
    }
  }
}
